
Microsoft Visual Studio Solution File, Format Version 12.00
# Visual Studio 15
VisualStudioVersion = 15.0.27130.2027
MinimumVisualStudioVersion = 10.0.40219.1
Project("{FAE04EC0-301F-11D3-BF4B-00C04F79EFBC}") = "DrawTriangle", "DrawTriangle\DrawTriangle.csproj", "{C2B57857-1A6C-4432-82FF-1290E6A4F353}"
EndProject
Global
	GlobalSection(SolutionConfigurationPlatforms) = preSolution
		Debug|Any CPU = Debug|Any CPU
		Release|Any CPU = Release|Any CPU
	EndGlobalSection
	GlobalSection(ProjectConfigurationPlatforms) = postSolution
		{C2B57857-1A6C-4432-82FF-1290E6A4F353}.Debug|Any CPU.ActiveCfg = Debug|Any CPU
		{C2B57857-1A6C-4432-82FF-1290E6A4F353}.Debug|Any CPU.Build.0 = Debug|Any CPU
		{C2B57857-1A6C-4432-82FF-1290E6A4F353}.Release|Any CPU.ActiveCfg = Release|Any CPU
		{C2B57857-1A6C-4432-82FF-1290E6A4F353}.Release|Any CPU.Build.0 = Release|Any CPU
	EndGlobalSection
	GlobalSection(SolutionProperties) = preSolution
		HideSolutionNode = FALSE
	EndGlobalSection
	GlobalSection(ExtensibilityGlobals) = postSolution
		SolutionGuid = {2EDAC304-BDF4-40FF-895B-2AAD736F3B0A}
	EndGlobalSection
EndGlobal
